
Microsoft Visual Studio Solution File, Format Version 12.00
# Visual Studio 15
VisualStudioVersion = 15.0.26124.0
MinimumVisualStudioVersion = 15.0.26124.0
Project("{FAE04EC0-301F-11D3-BF4B-00C04F79EFBC}") = "Cake", "Cake\Cake.csproj", "{0B566276-D740-4D5F-936B-063D07012DF7}"
EndProject
Project("{FAE04EC0-301F-11D3-BF4B-00C04F79EFBC}") = "Cake.Common", "Cake.Common\Cake.Common.csproj", "{AAF40C07-B83A-4CF9-933C-3B654D5DF3CB}"
EndProject
Project("{FAE04EC0-301F-11D3-BF4B-00C04F79EFBC}") = "Cake.Common.Tests", "Cake.Common.Tests\Cake.Common.Tests.csproj", "{C5FA559D-9E4C-4078-A68E-07771BCB2BC8}"
EndProject
Project("{FAE04EC0-301F-11D3-BF4B-00C04F79EFBC}") = "Cake.Core", "Cake.Core\Cake.Core.csproj", "{1A02B97C-1D19-49FF-B1BB-A1CB368EEA9F}"
EndProject
Project("{FAE04EC0-301F-11D3-BF4B-00C04F79EFBC}") = "Cake.Core.Tests", "Cake.Core.Tests\Cake.Core.Tests.csproj", "{1287B6F7-2AAE-4A2B-9B3E-6B3C338A308E}"
EndProject
Project("{FAE04EC0-301F-11D3-BF4B-00C04F79EFBC}") = "Cake.NuGet", "Cake.NuGet\Cake.NuGet.csproj", "{EB3EAA44-05AC-44B8-A5C8-FAF2A64D616E}"
EndProject
Project("{FAE04EC0-301F-11D3-BF4B-00C04F79EFBC}") = "Cake.NuGet.Tests", "Cake.NuGet.Tests\Cake.NuGet.Tests.csproj", "{C226E974-D725-4A45-A18C-CC58BBDF3FA0}"
EndProject
Project("{FAE04EC0-301F-11D3-BF4B-00C04F79EFBC}") = "Cake.Testing", "Cake.Testing\Cake.Testing.csproj", "{25E6D130-E6CC-4031-9533-F9E98EAF7EDE}"
EndProject
Project("{FAE04EC0-301F-11D3-BF4B-00C04F79EFBC}") = "Cake.Testing.Xunit", "Cake.Testing.Xunit\Cake.Testing.Xunit.csproj", "{EB06AB75-9E03-4BCA-ACEA-42FC723EE634}"
EndProject
Project("{FAE04EC0-301F-11D3-BF4B-00C04F79EFBC}") = "Cake.Tests", "Cake.Tests\Cake.Tests.csproj", "{3AB6333F-7728-4891-817F-7AD3CF628510}"
EndProject
Global
	GlobalSection(SolutionConfigurationPlatforms) = preSolution
		Debug|Any CPU = Debug|Any CPU
		Debug|x64 = Debug|x64
		Debug|x86 = Debug|x86
		Release|Any CPU = Release|Any CPU
		Release|x64 = Release|x64
		Release|x86 = Release|x86
	EndGlobalSection
	GlobalSection(SolutionProperties) = preSolution
		HideSolutionNode = FALSE
	EndGlobalSection
	GlobalSection(ProjectConfigurationPlatforms) = postSolution
		{0B566276-D740-4D5F-936B-063D07012DF7}.Debug|Any CPU.ActiveCfg = Debug|Any CPU
		{0B566276-D740-4D5F-936B-063D07012DF7}.Debug|Any CPU.Build.0 = Debug|Any CPU
		{0B566276-D740-4D5F-936B-063D07012DF7}.Debug|x64.ActiveCfg = Debug|x64
		{0B566276-D740-4D5F-936B-063D07012DF7}.Debug|x64.Build.0 = Debug|x64
		{0B566276-D740-4D5F-936B-063D07012DF7}.Debug|x86.ActiveCfg = Debug|x86
		{0B566276-D740-4D5F-936B-063D07012DF7}.Debug|x86.Build.0 = Debug|x86
		{0B566276-D740-4D5F-936B-063D07012DF7}.Release|Any CPU.ActiveCfg = Release|Any CPU
		{0B566276-D740-4D5F-936B-063D07012DF7}.Release|Any CPU.Build.0 = Release|Any CPU
		{0B566276-D740-4D5F-936B-063D07012DF7}.Release|x64.ActiveCfg = Release|x64
		{0B566276-D740-4D5F-936B-063D07012DF7}.Release|x64.Build.0 = Release|x64
		{0B566276-D740-4D5F-936B-063D07012DF7}.Release|x86.ActiveCfg = Release|x86
		{0B566276-D740-4D5F-936B-063D07012DF7}.Release|x86.Build.0 = Release|x86
		{AAF40C07-B83A-4CF9-933C-3B654D5DF3CB}.Debug|Any CPU.ActiveCfg = Debug|Any CPU
		{AAF40C07-B83A-4CF9-933C-3B654D5DF3CB}.Debug|Any CPU.Build.0 = Debug|Any CPU
		{AAF40C07-B83A-4CF9-933C-3B654D5DF3CB}.Debug|x64.ActiveCfg = Debug|x64
		{AAF40C07-B83A-4CF9-933C-3B654D5DF3CB}.Debug|x64.Build.0 = Debug|x64
		{AAF40C07-B83A-4CF9-933C-3B654D5DF3CB}.Debug|x86.ActiveCfg = Debug|x86
		{AAF40C07-B83A-4CF9-933C-3B654D5DF3CB}.Debug|x86.Build.0 = Debug|x86
		{AAF40C07-B83A-4CF9-933C-3B654D5DF3CB}.Release|Any CPU.ActiveCfg = Release|Any CPU
		{AAF40C07-B83A-4CF9-933C-3B654D5DF3CB}.Release|Any CPU.Build.0 = Release|Any CPU
		{AAF40C07-B83A-4CF9-933C-3B654D5DF3CB}.Release|x64.ActiveCfg = Release|x64
		{AAF40C07-B83A-4CF9-933C-3B654D5DF3CB}.Release|x64.Build.0 = Release|x64
		{AAF40C07-B83A-4CF9-933C-3B654D5DF3CB}.Release|x86.ActiveCfg = Release|x86
		{AAF40C07-B83A-4CF9-933C-3B654D5DF3CB}.Release|x86.Build.0 = Release|x86
		{C5FA559D-9E4C-4078-A68E-07771BCB2BC8}.Debug|Any CPU.ActiveCfg = Debug|Any CPU
		{C5FA559D-9E4C-4078-A68E-07771BCB2BC8}.Debug|Any CPU.Build.0 = Debug|Any CPU
		{C5FA559D-9E4C-4078-A68E-07771BCB2BC8}.Debug|x64.ActiveCfg = Debug|x64
		{C5FA559D-9E4C-4078-A68E-07771BCB2BC8}.Debug|x64.Build.0 = Debug|x64
		{C5FA559D-9E4C-4078-A68E-07771BCB2BC8}.Debug|x86.ActiveCfg = Debug|x86
		{C5FA559D-9E4C-4078-A68E-07771BCB2BC8}.Debug|x86.Build.0 = Debug|x86
		{C5FA559D-9E4C-4078-A68E-07771BCB2BC8}.Release|Any CPU.ActiveCfg = Release|Any CPU
		{C5FA559D-9E4C-4078-A68E-07771BCB2BC8}.Release|Any CPU.Build.0 = Release|Any CPU
		{C5FA559D-9E4C-4078-A68E-07771BCB2BC8}.Release|x64.ActiveCfg = Release|x64
		{C5FA559D-9E4C-4078-A68E-07771BCB2BC8}.Release|x64.Build.0 = Release|x64
		{C5FA559D-9E4C-4078-A68E-07771BCB2BC8}.Release|x86.ActiveCfg = Release|x86
		{C5FA559D-9E4C-4078-A68E-07771BCB2BC8}.Release|x86.Build.0 = Release|x86
		{1A02B97C-1D19-49FF-B1BB-A1CB368EEA9F}.Debug|Any CPU.ActiveCfg = Debug|Any CPU
		{1A02B97C-1D19-49FF-B1BB-A1CB368EEA9F}.Debug|Any CPU.Build.0 = Debug|Any CPU
		{1A02B97C-1D19-49FF-B1BB-A1CB368EEA9F}.Debug|x64.ActiveCfg = Debug|x64
		{1A02B97C-1D19-49FF-B1BB-A1CB368EEA9F}.Debug|x64.Build.0 = Debug|x64
		{1A02B97C-1D19-49FF-B1BB-A1CB368EEA9F}.Debug|x86.ActiveCfg = Debug|x86
		{1A02B97C-1D19-49FF-B1BB-A1CB368EEA9F}.Debug|x86.Build.0 = Debug|x86
		{1A02B97C-1D19-49FF-B1BB-A1CB368EEA9F}.Release|Any CPU.ActiveCfg = Release|Any CPU
		{1A02B97C-1D19-49FF-B1BB-A1CB368EEA9F}.Release|Any CPU.Build.0 = Release|Any CPU
		{1A02B97C-1D19-49FF-B1BB-A1CB368EEA9F}.Release|x64.ActiveCfg = Release|x64
		{1A02B97C-1D19-49FF-B1BB-A1CB368EEA9F}.Release|x64.Build.0 = Release|x64
		{1A02B97C-1D19-49FF-B1BB-A1CB368EEA9F}.Release|x86.ActiveCfg = Release|x86
		{1A02B97C-1D19-49FF-B1BB-A1CB368EEA9F}.Release|x86.Build.0 = Release|x86
		{1287B6F7-2AAE-4A2B-9B3E-6B3C338A308E}.Debug|Any CPU.ActiveCfg = Debug|Any CPU
		{1287B6F7-2AAE-4A2B-9B3E-6B3C338A308E}.Debug|Any CPU.Build.0 = Debug|Any CPU
		{1287B6F7-2AAE-4A2B-9B3E-6B3C338A308E}.Debug|x64.ActiveCfg = Debug|x64
		{1287B6F7-2AAE-4A2B-9B3E-6B3C338A308E}.Debug|x64.Build.0 = Debug|x64
		{1287B6F7-2AAE-4A2B-9B3E-6B3C338A308E}.Debug|x86.ActiveCfg = Debug|x86
		{1287B6F7-2AAE-4A2B-9B3E-6B3C338A308E}.Debug|x86.Build.0 = Debug|x86
		{1287B6F7-2AAE-4A2B-9B3E-6B3C338A308E}.Release|Any CPU.ActiveCfg = Release|Any CPU
		{1287B6F7-2AAE-4A2B-9B3E-6B3C338A308E}.Release|Any CPU.Build.0 = Release|Any CPU
		{1287B6F7-2AAE-4A2B-9B3E-6B3C338A308E}.Release|x64.ActiveCfg = Release|x64
		{1287B6F7-2AAE-4A2B-9B3E-6B3C338A308E}.Release|x64.Build.0 = Release|x64
		{1287B6F7-2AAE-4A2B-9B3E-6B3C338A308E}.Release|x86.ActiveCfg = Release|x86
		{1287B6F7-2AAE-4A2B-9B3E-6B3C338A308E}.Release|x86.Build.0 = Release|x86
		{EB3EAA44-05AC-44B8-A5C8-FAF2A64D616E}.Debug|Any CPU.ActiveCfg = Debug|Any CPU
		{EB3EAA44-05AC-44B8-A5C8-FAF2A64D616E}.Debug|Any CPU.Build.0 = Debug|Any CPU
		{EB3EAA44-05AC-44B8-A5C8-FAF2A64D616E}.Debug|x64.ActiveCfg = Debug|x64
		{EB3EAA44-05AC-44B8-A5C8-FAF2A64D616E}.Debug|x64.Build.0 = Debug|x64
		{EB3EAA44-05AC-44B8-A5C8-FAF2A64D616E}.Debug|x86.ActiveCfg = Debug|x86
		{EB3EAA44-05AC-44B8-A5C8-FAF2A64D616E}.Debug|x86.Build.0 = Debug|x86
		{EB3EAA44-05AC-44B8-A5C8-FAF2A64D616E}.Release|Any CPU.ActiveCfg = Release|Any CPU
		{EB3EAA44-05AC-44B8-A5C8-FAF2A64D616E}.Release|Any CPU.Build.0 = Release|Any CPU
		{EB3EAA44-05AC-44B8-A5C8-FAF2A64D616E}.Release|x64.ActiveCfg = Release|x64
		{EB3EAA44-05AC-44B8-A5C8-FAF2A64D616E}.Release|x64.Build.0 = Release|x64
		{EB3EAA44-05AC-44B8-A5C8-FAF2A64D616E}.Release|x86.ActiveCfg = Release|x86
		{EB3EAA44-05AC-44B8-A5C8-FAF2A64D616E}.Release|x86.Build.0 = Release|x86
		{C226E974-D725-4A45-A18C-CC58BBDF3FA0}.Debug|Any CPU.ActiveCfg = Debug|Any CPU
		{C226E974-D725-4A45-A18C-CC58BBDF3FA0}.Debug|Any CPU.Build.0 = Debug|Any CPU
		{C226E974-D725-4A45-A18C-CC58BBDF3FA0}.Debug|x64.ActiveCfg = Debug|x64
		{C226E974-D725-4A45-A18C-CC58BBDF3FA0}.Debug|x64.Build.0 = Debug|x64
		{C226E974-D725-4A45-A18C-CC58BBDF3FA0}.Debug|x86.ActiveCfg = Debug|x86
		{C226E974-D725-4A45-A18C-CC58BBDF3FA0}.Debug|x86.Build.0 = Debug|x86
		{C226E974-D725-4A45-A18C-CC58BBDF3FA0}.Release|Any CPU.ActiveCfg = Release|Any CPU
		{C226E974-D725-4A45-A18C-CC58BBDF3FA0}.Release|Any CPU.Build.0 = Release|Any CPU
		{C226E974-D725-4A45-A18C-CC58BBDF3FA0}.Release|x64.ActiveCfg = Release|x64
		{C226E974-D725-4A45-A18C-CC58BBDF3FA0}.Release|x64.Build.0 = Release|x64
		{C226E974-D725-4A45-A18C-CC58BBDF3FA0}.Release|x86.ActiveCfg = Release|x86
		{C226E974-D725-4A45-A18C-CC58BBDF3FA0}.Release|x86.Build.0 = Release|x86
		{25E6D130-E6CC-4031-9533-F9E98EAF7EDE}.Debug|Any CPU.ActiveCfg = Debug|Any CPU
		{25E6D130-E6CC-4031-9533-F9E98EAF7EDE}.Debug|Any CPU.Build.0 = Debug|Any CPU
		{25E6D130-E6CC-4031-9533-F9E98EAF7EDE}.Debug|x64.ActiveCfg = Debug|x64
		{25E6D130-E6CC-4031-9533-F9E98EAF7EDE}.Debug|x64.Build.0 = Debug|x64
		{25E6D130-E6CC-4031-9533-F9E98EAF7EDE}.Debug|x86.ActiveCfg = Debug|x86
		{25E6D130-E6CC-4031-9533-F9E98EAF7EDE}.Debug|x86.Build.0 = Debug|x86
		{25E6D130-E6CC-4031-9533-F9E98EAF7EDE}.Release|Any CPU.ActiveCfg = Release|Any CPU
		{25E6D130-E6CC-4031-9533-F9E98EAF7EDE}.Release|Any CPU.Build.0 = Release|Any CPU
		{25E6D130-E6CC-4031-9533-F9E98EAF7EDE}.Release|x64.ActiveCfg = Release|x64
		{25E6D130-E6CC-4031-9533-F9E98EAF7EDE}.Release|x64.Build.0 = Release|x64
		{25E6D130-E6CC-4031-9533-F9E98EAF7EDE}.Release|x86.ActiveCfg = Release|x86
		{25E6D130-E6CC-4031-9533-F9E98EAF7EDE}.Release|x86.Build.0 = Release|x86
		{EB06AB75-9E03-4BCA-ACEA-42FC723EE634}.Debug|Any CPU.ActiveCfg = Debug|Any CPU
		{EB06AB75-9E03-4BCA-ACEA-42FC723EE634}.Debug|Any CPU.Build.0 = Debug|Any CPU
		{EB06AB75-9E03-4BCA-ACEA-42FC723EE634}.Debug|x64.ActiveCfg = Debug|x64
		{EB06AB75-9E03-4BCA-ACEA-42FC723EE634}.Debug|x64.Build.0 = Debug|x64
		{EB06AB75-9E03-4BCA-ACEA-42FC723EE634}.Debug|x86.ActiveCfg = Debug|x86
		{EB06AB75-9E03-4BCA-ACEA-42FC723EE634}.Debug|x86.Build.0 = Debug|x86
		{EB06AB75-9E03-4BCA-ACEA-42FC723EE634}.Release|Any CPU.ActiveCfg = Release|Any CPU
		{EB06AB75-9E03-4BCA-ACEA-42FC723EE634}.Release|Any CPU.Build.0 = Release|Any CPU
		{EB06AB75-9E03-4BCA-ACEA-42FC723EE634}.Release|x64.ActiveCfg = Release|x64
		{EB06AB75-9E03-4BCA-ACEA-42FC723EE634}.Release|x64.Build.0 = Release|x64
		{EB06AB75-9E03-4BCA-ACEA-42FC723EE634}.Release|x86.ActiveCfg = Release|x86
		{EB06AB75-9E03-4BCA-ACEA-42FC723EE634}.Release|x86.Build.0 = Release|x86
		{3AB6333F-7728-4891-817F-7AD3CF628510}.Debug|Any CPU.ActiveCfg = Debug|Any CPU
		{3AB6333F-7728-4891-817F-7AD3CF628510}.Debug|Any CPU.Build.0 = Debug|Any CPU
		{3AB6333F-7728-4891-817F-7AD3CF628510}.Debug|x64.ActiveCfg = Debug|x64
		{3AB6333F-7728-4891-817F-7AD3CF628510}.Debug|x64.Build.0 = Debug|x64
		{3AB6333F-7728-4891-817F-7AD3CF628510}.Debug|x86.ActiveCfg = Debug|x86
		{3AB6333F-7728-4891-817F-7AD3CF628510}.Debug|x86.Build.0 = Debug|x86
		{3AB6333F-7728-4891-817F-7AD3CF628510}.Release|Any CPU.ActiveCfg = Release|Any CPU
		{3AB6333F-7728-4891-817F-7AD3CF628510}.Release|Any CPU.Build.0 = Release|Any CPU
		{3AB6333F-7728-4891-817F-7AD3CF628510}.Release|x64.ActiveCfg = Release|x64
		{3AB6333F-7728-4891-817F-7AD3CF628510}.Release|x64.Build.0 = Release|x64
		{3AB6333F-7728-4891-817F-7AD3CF628510}.Release|x86.ActiveCfg = Release|x86
		{3AB6333F-7728-4891-817F-7AD3CF628510}.Release|x86.Build.0 = Release|x86
	EndGlobalSection
EndGlobal
